// !$*UTF8*$!
{
	archiveVersion = 1;
	classes = {
	};
	objectVersion = 55;
	objects = {

/* Begin PBXBuildFile section */
		8423E76E276FAB3C007277B9 /* AppDelegate.swift in Sources */ = {isa = PBXBuildFile; fileRef = 8423E76D276FAB3C007277B9 /* AppDelegate.swift */; };
		8423E770276FAB3C007277B9 /* SceneDelegate.swift in Sources */ = {isa = PBXBuildFile; fileRef = 8423E76F276FAB3C007277B9 /* SceneDelegate.swift */; };
		8423E775276FAB3C007277B9 /* Main.storyboard in Resources */ = {isa = PBXBuildFile; fileRef = 8423E773276FAB3C007277B9 /* Main.storyboard */; };
		8423E778276FAB3C007277B9 /* TimeVisualizer.xcdatamodeld in Sources */ = {isa = PBXBuildFile; fileRef = 8423E776276FAB3C007277B9 /* TimeVisualizer.xcdatamodeld */; };
		8423E77A276FAB3D007277B9 /* Assets.xcassets in Resources */ = {isa = PBXBuildFile; fileRef = 8423E779276FAB3D007277B9 /* Assets.xcassets */; };
		8423E77D276FAB3D007277B9 /* LaunchScreen.storyboard in Resources */ = {isa = PBXBuildFile; fileRef = 8423E77B276FAB3D007277B9 /* LaunchScreen.storyboard */; };
		8423E788276FAB3D007277B9 /* TimeVisualizerTests.swift in Sources */ = {isa = PBXBuildFile; fileRef = 8423E787276FAB3D007277B9 /* TimeVisualizerTests.swift */; };
		8423E792276FAB3D007277B9 /* TimeVisualizerUITests.swift in Sources */ = {isa = PBXBuildFile; fileRef = 8423E791276FAB3D007277B9 /* TimeVisualizerUITests.swift */; };
		8423E794276FAB3D007277B9 /* TimeVisualizerUITestsLaunchTests.swift in Sources */ = {isa = PBXBuildFile; fileRef = 8423E793276FAB3D007277B9 /* TimeVisualizerUITestsLaunchTests.swift */; };
		8468868D277308A40018A093 /* NSUIColor+Hex.swift in Sources */ = {isa = PBXBuildFile; fileRef = 8468868C277308A40018A093 /* NSUIColor+Hex.swift */; };
		848112CC276FACDF0082D850 /* Charts in Frameworks */ = {isa = PBXBuildFile; productRef = 848112CB276FACDF0082D850 /* Charts */; };
		84CB340927720C060066E72D /* Delegates.swift in Sources */ = {isa = PBXBuildFile; fileRef = 84CB340827720C060066E72D /* Delegates.swift */; };
		84E6A40F276FB07500F11F5E /* NoteTableViewCell.swift in Sources */ = {isa = PBXBuildFile; fileRef = 84E6A408276FB07400F11F5E /* NoteTableViewCell.swift */; };
		84E6A410276FB07500F11F5E /* KeyWordsViewController.swift in Sources */ = {isa = PBXBuildFile; fileRef = 84E6A409276FB07400F11F5E /* KeyWordsViewController.swift */; };
		84E6A411276FB07500F11F5E /* StatisticsViewController.swift in Sources */ = {isa = PBXBuildFile; fileRef = 84E6A40A276FB07400F11F5E /* StatisticsViewController.swift */; };
		84E6A412276FB07500F11F5E /* KeyWordCollectionViewCell.swift in Sources */ = {isa = PBXBuildFile; fileRef = 84E6A40B276FB07500F11F5E /* KeyWordCollectionViewCell.swift */; };
		84E6A413276FB07500F11F5E /* NotesViewController.swift in Sources */ = {isa = PBXBuildFile; fileRef = 84E6A40C276FB07500F11F5E /* NotesViewController.swift */; };
		84E6A414276FB07500F11F5E /* ColumnFlowLayout.swift in Sources */ = {isa = PBXBuildFile; fileRef = 84E6A40D276FB07500F11F5E /* ColumnFlowLayout.swift */; };
		84E6A415276FB07500F11F5E /* StatisticsTableViewCell.swift in Sources */ = {isa = PBXBuildFile; fileRef = 84E6A40E276FB07500F11F5E /* StatisticsTableViewCell.swift */; };
		84E6A417276FBB9400F11F5E /* Days.swift in Sources */ = {isa = PBXBuildFile; fileRef = 84E6A416276FBB9400F11F5E /* Days.swift */; };
/* End PBXBuildFile section */

/* Begin PBXContainerItemProxy section */
		8423E784276FAB3D007277B9 /* PBXContainerItemProxy */ = {
			isa = PBXContainerItemProxy;
			containerPortal = 8423E762276FAB3C007277B9 /* Project object */;
			proxyType = 1;
			remoteGlobalIDString = 8423E769276FAB3C007277B9;
			remoteInfo = TimeVisualizer;
		};
		8423E78E276FAB3D007277B9 /* PBXContainerItemProxy */ = {
			isa = PBXContainerItemProxy;
			containerPortal = 8423E762276FAB3C007277B9 /* Project object */;
			proxyType = 1;
			remoteGlobalIDString = 8423E769276FAB3C007277B9;
			remoteInfo = TimeVisualizer;
		};
/* End PBXContainerItemProxy section */

/* Begin PBXFileReference section */
		8423E76A276FAB3C007277B9 /* TimeVisualizer.app */ = {isa = PBXFileReference; explicitFileType = wrapper.application; includeInIndex = 0; path = TimeVisualizer.app; sourceTree = BUILT_PRODUCTS_DIR; };
		8423E76D276FAB3C007277B9 /* AppDelegate.swift */ = {isa = PBXFileReference; lastKnownFileType = sourcecode.swift; path = AppDelegate.swift; sourceTree = "<group>"; };
		8423E76F276FAB3C007277B9 /* SceneDelegate.swift */ = {isa = PBXFileReference; lastKnownFileType = sourcecode.swift; path = SceneDelegate.swift; sourceTree = "<group>"; };
		8423E774276FAB3C007277B9 /* Base */ = {isa = PBXFileReference; lastKnownFileType = file.storyboard; name = Base; path = Base.lproj/Main.storyboard; sourceTree = "<group>"; };
		8423E777276FAB3C007277B9 /* TimeVisualizer.xcdatamodel */ = {isa = PBXFileReference; lastKnownFileType = wrapper.xcdatamodel; path = TimeVisualizer.xcdatamodel; sourceTree = "<group>"; };
		8423E779276FAB3D007277B9 /* Assets.xcassets */ = {isa = PBXFileReference; lastKnownFileType = folder.assetcatalog; path = Assets.xcassets; sourceTree = "<group>"; };
		8423E77C276FAB3D007277B9 /* Base */ = {isa = PBXFileReference; lastKnownFileType = file.storyboard; name = Base; path = Base.lproj/LaunchScreen.storyboard; sourceTree = "<group>"; };
		8423E77E276FAB3D007277B9 /* Info.plist */ = {isa = PBXFileReference; lastKnownFileType = text.plist.xml; path = Info.plist; sourceTree = "<group>"; };
		8423E783276FAB3D007277B9 /* TimeVisualizerTests.xctest */ = {isa = PBXFileReference; explicitFileType = wrapper.cfbundle; includeInIndex = 0; path = TimeVisualizerTests.xctest; sourceTree = BUILT_PRODUCTS_DIR; };
		8423E787276FAB3D007277B9 /* TimeVisualizerTests.swift */ = {isa = PBXFileReference; lastKnownFileType = sourcecode.swift; path = TimeVisualizerTests.swift; sourceTree = "<group>"; };
		8423E78D276FAB3D007277B9 /* TimeVisualizerUITests.xctest */ = {isa = PBXFileReference; explicitFileType = wrapper.cfbundle; includeInIndex = 0; path = TimeVisualizerUITests.xctest; sourceTree = BUILT_PRODUCTS_DIR; };
		8423E791276FAB3D007277B9 /* TimeVisualizerUITests.swift */ = {isa = PBXFileReference; lastKnownFileType = sourcecode.swift; path = TimeVisualizerUITests.swift; sourceTree = "<group>"; };
		8423E793276FAB3D007277B9 /* TimeVisualizerUITestsLaunchTests.swift */ = {isa = PBXFileReference; lastKnownFileType = sourcecode.swift; path = TimeVisualizerUITestsLaunchTests.swift; sourceTree = "<group>"; };
		8468868C277308A40018A093 /* NSUIColor+Hex.swift */ = {isa = PBXFileReference; lastKnownFileType = sourcecode.swift; path = "NSUIColor+Hex.swift"; sourceTree = "<group>"; };
		84CB340827720C060066E72D /* Delegates.swift */ = {isa = PBXFileReference; lastKnownFileType = sourcecode.swift; path = Delegates.swift; sourceTree = "<group>"; };
		84E6A408276FB07400F11F5E /* NoteTableViewCell.swift */ = {isa = PBXFileReference; fileEncoding = 4; lastKnownFileType = sourcecode.swift; path = NoteTableViewCell.swift; sourceTree = "<group>"; };
		84E6A409276FB07400F11F5E /* KeyWordsViewController.swift */ = {isa = PBXFileReference; fileEncoding = 4; lastKnownFileType = sourcecode.swift; path = KeyWordsViewController.swift; sourceTree = "<group>"; };
		84E6A40A276FB07400F11F5E /* StatisticsViewController.swift */ = {isa = PBXFileReference; fileEncoding = 4; lastKnownFileType = sourcecode.swift; path = StatisticsViewController.swift; sourceTree = "<group>"; };
		84E6A40B276FB07500F11F5E /* KeyWordCollectionViewCell.swift */ = {isa = PBXFileReference; fileEncoding = 4; lastKnownFileType = sourcecode.swift; path = KeyWordCollectionViewCell.swift; sourceTree = "<group>"; };
		84E6A40C276FB07500F11F5E /* NotesViewController.swift */ = {isa = PBXFileReference; fileEncoding = 4; lastKnownFileType = sourcecode.swift; path = NotesViewController.swift; sourceTree = "<group>"; };
		84E6A40D276FB07500F11F5E /* ColumnFlowLayout.swift */ = {isa = PBXFileReference; fileEncoding = 4; lastKnownFileType = sourcecode.swift; path = ColumnFlowLayout.swift; sourceTree = "<group>"; };
		84E6A40E276FB07500F11F5E /* StatisticsTableViewCell.swift */ = {isa = PBXFileReference; fileEncoding = 4; lastKnownFileType = sourcecode.swift; path = StatisticsTableViewCell.swift; sourceTree = "<group>"; };
		84E6A416276FBB9400F11F5E /* Days.swift */ = {isa = PBXFileReference; lastKnownFileType = sourcecode.swift; path = Days.swift; sourceTree = "<group>"; };
/* End PBXFileReference section */

/* Begin PBXFrameworksBuildPhase section */
		8423E767276FAB3C007277B9 /* Frameworks */ = {
			isa = PBXFrameworksBuildPhase;
			buildActionMask = 2147483647;
			files = (
				848112CC276FACDF0082D850 /* Charts in Frameworks */,
			);
			runOnlyForDeploymentPostprocessing = 0;
		};
		8423E780276FAB3D007277B9 /* Frameworks */ = {
			isa = PBXFrameworksBuildPhase;
			buildActionMask = 2147483647;
			files = (
			);
			runOnlyForDeploymentPostprocessing = 0;
		};
		8423E78A276FAB3D007277B9 /* Frameworks */ = {
			isa = PBXFrameworksBuildPhase;
			buildActionMask = 2147483647;
			files = (
			);
			runOnlyForDeploymentPostprocessing = 0;
		};
/* End PBXFrameworksBuildPhase section */

/* Begin PBXGroup section */
		8423E761276FAB3C007277B9 = {
			isa = PBXGroup;
			children = (
				8423E76C276FAB3C007277B9 /* TimeVisualizer */,
				8423E786276FAB3D007277B9 /* TimeVisualizerTests */,
				8423E790276FAB3D007277B9 /* TimeVisualizerUITests */,
				8423E76B276FAB3C007277B9 /* Products */,
			);
			sourceTree = "<group>";
		};
		8423E76B276FAB3C007277B9 /* Products */ = {
			isa = PBXGroup;
			children = (
				8423E76A276FAB3C007277B9 /* TimeVisualizer.app */,
				8423E783276FAB3D007277B9 /* TimeVisualizerTests.xctest */,
				8423E78D276FAB3D007277B9 /* TimeVisualizerUITests.xctest */,
			);
			name = Products;
			sourceTree = "<group>";
		};
		8423E76C276FAB3C007277B9 /* TimeVisualizer */ = {
			isa = PBXGroup;
			children = (
				84E6A40D276FB07500F11F5E /* ColumnFlowLayout.swift */,
				84E6A40B276FB07500F11F5E /* KeyWordCollectionViewCell.swift */,
				84E6A409276FB07400F11F5E /* KeyWordsViewController.swift */,
				84E6A40C276FB07500F11F5E /* NotesViewController.swift */,
				84E6A408276FB07400F11F5E /* NoteTableViewCell.swift */,
				84E6A40E276FB07500F11F5E /* StatisticsTableViewCell.swift */,
				84E6A40A276FB07400F11F5E /* StatisticsViewController.swift */,
				8423E76D276FAB3C007277B9 /* AppDelegate.swift */,
				8423E76F276FAB3C007277B9 /* SceneDelegate.swift */,
				8423E773276FAB3C007277B9 /* Main.storyboard */,
				8423E779276FAB3D007277B9 /* Assets.xcassets */,
				8423E77B276FAB3D007277B9 /* LaunchScreen.storyboard */,
				8423E77E276FAB3D007277B9 /* Info.plist */,
				8423E776276FAB3C007277B9 /* TimeVisualizer.xcdatamodeld */,
				84E6A416276FBB9400F11F5E /* Days.swift */,
				84CB340827720C060066E72D /* Delegates.swift */,
				8468868C277308A40018A093 /* NSUIColor+Hex.swift */,
			);
			path = TimeVisualizer;
			sourceTree = "<group>";
		};
		8423E786276FAB3D007277B9 /* TimeVisualizerTests */ = {
			isa = PBXGroup;
			children = (
				8423E787276FAB3D007277B9 /* TimeVisualizerTests.swift */,
			);
			path = TimeVisualizerTests;
			sourceTree = "<group>";
		};
		8423E790276FAB3D007277B9 /* TimeVisualizerUITests */ = {
			isa = PBXGroup;
			children = (
				8423E791276FAB3D007277B9 /* TimeVisualizerUITests.swift */,
				8423E793276FAB3D007277B9 /* TimeVisualizerUITestsLaunchTests.swift */,
			);
			path = TimeVisualizerUITests;
			sourceTree = "<group>";
		};
/* End PBXGroup section */

/* Begin PBXNativeTarget section */
		8423E769276FAB3C007277B9 /* TimeVisualizer */ = {
			isa = PBXNativeTarget;
			buildConfigurationList = 8423E797276FAB3D007277B9 /* Build configuration list for PBXNativeTarget "TimeVisualizer" */;
			buildPhases = (
				8423E766276FAB3C007277B9 /* Sources */,
				8423E767276FAB3C007277B9 /* Frameworks */,
				8423E768276FAB3C007277B9 /* Resources */,
			);
			buildRules = (
			);
			dependencies = (
			);
			name = TimeVisualizer;
			packageProductDependencies = (
				848112CB276FACDF0082D850 /* Charts */,
			);
			productName = TimeVisualizer;
			productReference = 8423E76A276FAB3C007277B9 /* TimeVisualizer.app */;
			productType = "com.apple.product-type.application";
		};
		8423E782276FAB3D007277B9 /* TimeVisualizerTests */ = {
			isa = PBXNativeTarget;
			buildConfigurationList = 8423E79A276FAB3D007277B9 /* Build configuration list for PBXNativeTarget "TimeVisualizerTests" */;
			buildPhases = (
				8423E77F276FAB3D007277B9 /* Sources */,
				8423E780276FAB3D007277B9 /* Frameworks */,
				8423E781276FAB3D007277B9 /* Resources */,
			);
			buildRules = (
			);
			dependencies = (
				8423E785276FAB3D007277B9 /* PBXTargetDependency */,
			);
			name = TimeVisualizerTests;
			productName = TimeVisualizerTests;
			productReference = 8423E783276FAB3D007277B9 /* TimeVisualizerTests.xctest */;
			productType = "com.apple.product-type.bundle.unit-test";
		};
		8423E78C276FAB3D007277B9 /* TimeVisualizerUITests */ = {
			isa = PBXNativeTarget;
			buildConfigurationList = 8423E79D276FAB3D007277B9 /* Build configuration list for PBXNativeTarget "TimeVisualizerUITests" */;
			buildPhases = (
				8423E789276FAB3D007277B9 /* Sources */,
				8423E78A276FAB3D007277B9 /* Frameworks */,
				8423E78B276FAB3D007277B9 /* Resources */,
			);
			buildRules = (
			);
			dependencies = (
				8423E78F276FAB3D007277B9 /* PBXTargetDependency */,
			);
			name = TimeVisualizerUITests;
			productName = TimeVisualizerUITests;
			productReference = 8423E78D276FAB3D007277B9 /* TimeVisualizerUITests.xctest */;
			productType = "com.apple.product-type.bundle.ui-testing";
		};
/* End PBXNativeTarget section */

/* Begin PBXProject section */
		8423E762276FAB3C007277B9 /* Project object */ = {
			isa = PBXProject;
			attributes = {
				BuildIndependentTargetsInParallel = 1;
				LastSwiftUpdateCheck = 1310;
				LastUpgradeCheck = 1310;
				TargetAttributes = {
					8423E769276FAB3C007277B9 = {
						CreatedOnToolsVersion = 13.1;
					};
					8423E782276FAB3D007277B9 = {
						CreatedOnToolsVersion = 13.1;
						TestTargetID = 8423E769276FAB3C007277B9;
					};
					8423E78C276FAB3D007277B9 = {
						CreatedOnToolsVersion = 13.1;
						TestTargetID = 8423E769276FAB3C007277B9;
					};
				};
			};
			buildConfigurationList = 8423E765276FAB3C007277B9 /* Build configuration list for PBXProject "TimeVisualizer" */;
			compatibilityVersion = "Xcode 13.0";
			developmentRegion = en;
			hasScannedForEncodings = 0;
			knownRegions = (
				en,
				Base,
			);
			mainGroup = 8423E761276FAB3C007277B9;
			packageReferences = (
				848112CA276FACDF0082D850 /* XCRemoteSwiftPackageReference "Charts" */,
			);
			productRefGroup = 8423E76B276FAB3C007277B9 /* Products */;
			projectDirPath = "";
			projectRoot = "";
			targets = (
				8423E769276FAB3C007277B9 /* TimeVisualizer */,
				8423E782276FAB3D007277B9 /* TimeVisualizerTests */,
				8423E78C276FAB3D007277B9 /* TimeVisualizerUITests */,
			);
		};
/* End PBXProject section */

/* Begin PBXResourcesBuildPhase section */
		8423E768276FAB3C007277B9 /* Resources */ = {
			isa = PBXResourcesBuildPhase;
			buildActionMask = 2147483647;
			files = (
				8423E77D276FAB3D007277B9 /* LaunchScreen.storyboard in Resources */,
				8423E77A276FAB3D007277B9 /* Assets.xcassets in Resources */,
				8423E775276FAB3C007277B9 /* Main.storyboard in Resources */,
			);
			runOnlyForDeploymentPostprocessing = 0;
		};
		8423E781276FAB3D007277B9 /* Resources */ = {
			isa = PBXResourcesBuildPhase;
			buildActionMask = 2147483647;
			files = (
			);
			runOnlyForDeploymentPostprocessing = 0;
		};
		8423E78B276FAB3D007277B9 /* Resources */ = {
			isa = PBXResourcesBuildPhase;
			buildActionMask = 2147483647;
			files = (
			);
			runOnlyForDeploymentPostprocessing = 0;
		};
/* End PBXResourcesBuildPhase section */

/* Begin PBXSourcesBuildPhase section */
		8423E766276FAB3C007277B9 /* Sources */ = {
			isa = PBXSourcesBuildPhase;
			buildActionMask = 2147483647;
			files = (
				84E6A415276FB07500F11F5E /* StatisticsTableViewCell.swift in Sources */,
				8423E778276FAB3C007277B9 /* TimeVisualizer.xcdatamodeld in Sources */,
				84E6A414276FB07500F11F5E /* ColumnFlowLayout.swift in Sources */,
				84E6A410276FB07500F11F5E /* KeyWordsViewController.swift in Sources */,
				84CB340927720C060066E72D /* Delegates.swift in Sources */,
				8468868D277308A40018A093 /* NSUIColor+Hex.swift in Sources */,
				8423E76E276FAB3C007277B9 /* AppDelegate.swift in Sources */,
				84E6A412276FB07500F11F5E /* KeyWordCollectionViewCell.swift in Sources */,
				84E6A413276FB07500F11F5E /* NotesViewController.swift in Sources */,
				84E6A411276FB07500F11F5E /* StatisticsViewController.swift in Sources */,
				8423E770276FAB3C007277B9 /* SceneDelegate.swift in Sources */,
				84E6A417276FBB9400F11F5E /* Days.swift in Sources */,
				84E6A40F276FB07500F11F5E /* NoteTableViewCell.swift in Sources */,
			);
			runOnlyForDeploymentPostprocessing = 0;
		};
		8423E77F276FAB3D007277B9 /* Sources */ = {
			isa = PBXSourcesBuildPhase;
			buildActionMask = 2147483647;
			files = (
				8423E788276FAB3D007277B9 /* TimeVisualizerTests.swift in Sources */,
			);
			runOnlyForDeploymentPostprocessing = 0;
		};
		8423E789276FAB3D007277B9 /* Sources */ = {
			isa = PBXSourcesBuildPhase;
			buildActionMask = 2147483647;
			files = (
				8423E792276FAB3D007277B9 /* TimeVisualizerUITests.swift in Sources */,
				8423E794276FAB3D007277B9 /* TimeVisualizerUITestsLaunchTests.swift in Sources */,
			);
			runOnlyForDeploymentPostprocessing = 0;
		};
/* End PBXSourcesBuildPhase section */

/* Begin PBXTargetDependency section */
		8423E785276FAB3D007277B9 /* PBXTargetDependency */ = {
			isa = PBXTargetDependency;
			target = 8423E769276FAB3C007277B9 /* TimeVisualizer */;
			targetProxy = 8423E784276FAB3D007277B9 /* PBXContainerItemProxy */;
		};
		8423E78F276FAB3D007277B9 /* PBXTargetDependency */ = {
			isa = PBXTargetDependency;
			target = 8423E769276FAB3C007277B9 /* TimeVisualizer */;
			targetProxy = 8423E78E276FAB3D007277B9 /* PBXContainerItemProxy */;
		};
/* End PBXTargetDependency section */

/* Begin PBXVariantGroup section */
		8423E773276FAB3C007277B9 /* Main.storyboard */ = {
			isa = PBXVariantGroup;
			children = (
				8423E774276FAB3C007277B9 /* Base */,
			);
			name = Main.storyboard;
			sourceTree = "<group>";
		};
		8423E77B276FAB3D007277B9 /* LaunchScreen.storyboard */ = {
			isa = PBXVariantGroup;
			children = (
				8423E77C276FAB3D007277B9 /* Base */,
			);
			name = LaunchScreen.storyboard;
			sourceTree = "<group>";
		};
/* End PBXVariantGroup section */

/* Begin XCBuildConfiguration section */
		8423E795276FAB3D007277B9 /* Debug */ = {
			isa = XCBuildConfiguration;
			buildSettings = {
				ALWAYS_SEARCH_USER_PATHS = NO;
				CLANG_ANALYZER_NONNULL = YES;
				CLANG_ANALYZER_NUMBER_OBJECT_CONVERSION = YES_AGGRESSIVE;
				CLANG_CXX_LANGUAGE_STANDARD = "gnu++17";
				CLANG_CXX_LIBRARY = "libc++";
				CLANG_ENABLE_MODULES = YES;
				CLANG_ENABLE_OBJC_ARC = YES;
				CLANG_ENABLE_OBJC_WEAK = YES;
				CLANG_WARN_BLOCK_CAPTURE_AUTORELEASING = YES;
				CLANG_WARN_BOOL_CONVERSION = YES;
				CLANG_WARN_COMMA = YES;
				CLANG_WARN_CONSTANT_CONVERSION = YES;
				CLANG_WARN_DEPRECATED_OBJC_IMPLEMENTATIONS = YES;
				CLANG_WARN_DIRECT_OBJC_ISA_USAGE = YES_ERROR;
				CLANG_WARN_DOCUMENTATION_COMMENTS = YES;
				CLANG_WARN_EMPTY_BODY = YES;
				CLANG_WARN_ENUM_CONVERSION = YES;
				CLANG_WARN_INFINITE_RECURSION = YES;
				CLANG_WARN_INT_CONVERSION = YES;
				CLANG_WARN_NON_LITERAL_NULL_CONVERSION = YES;
				CLANG_WARN_OBJC_IMPLICIT_RETAIN_SELF = YES;
				CLANG_WARN_OBJC_LITERAL_CONVERSION = YES;
				CLANG_WARN_OBJC_ROOT_CLASS = YES_ERROR;
				CLANG_WARN_QUOTED_INCLUDE_IN_FRAMEWORK_HEADER = YES;
				CLANG_WARN_RANGE_LOOP_ANALYSIS = YES;
				CLANG_WARN_STRICT_PROTOTYPES = YES;
				CLANG_WARN_SUSPICIOUS_MOVE = YES;
				CLANG_WARN_UNGUARDED_AVAILABILITY = YES_AGGRESSIVE;
				CLANG_WARN_UNREACHABLE_CODE = YES;
				CLANG_WARN__DUPLICATE_METHOD_MATCH = YES;
				COPY_PHASE_STRIP = NO;
				DEBUG_INFORMATION_FORMAT = dwarf;
				ENABLE_STRICT_OBJC_MSGSEND = YES;
				ENABLE_TESTABILITY = YES;
				GCC_C_LANGUAGE_STANDARD = gnu11;
				GCC_DYNAMIC_NO_PIC = NO;
				GCC_NO_COMMON_BLOCKS = YES;
				GCC_OPTIMIZATION_LEVEL = 0;
				GCC_PREPROCESSOR_DEFINITIONS = (
					"DEBUG=1",
					"$(inherited)",
				);
				GCC_WARN_64_TO_32_BIT_CONVERSION = YES;
				GCC_WARN_ABOUT_RETURN_TYPE = YES_ERROR;
				GCC_WARN_UNDECLARED_SELECTOR = YES;
				GCC_WARN_UNINITIALIZED_AUTOS = YES_AGGRESSIVE;
				GCC_WARN_UNUSED_FUNCTION = YES;
				GCC_WARN_UNUSED_VARIABLE = YES;
				IPHONEOS_DEPLOYMENT_TARGET = 15.0;
				MTL_ENABLE_DEBUG_INFO = INCLUDE_SOURCE;
				MTL_FAST_MATH = YES;
				ONLY_ACTIVE_ARCH = YES;
				SDKROOT = iphoneos;
				SWIFT_ACTIVE_COMPILATION_CONDITIONS = DEBUG;
				SWIFT_OPTIMIZATION_LEVEL = "-Onone";
			};
			name = Debug;
		};
		8423E796276FAB3D007277B9 /* Release */ = {
			isa = XCBuildConfiguration;
			buildSettings = {
				ALWAYS_SEARCH_USER_PATHS = NO;
				CLANG_ANALYZER_NONNULL = YES;
				CLANG_ANALYZER_NUMBER_OBJECT_CONVERSION = YES_AGGRESSIVE;
				CLANG_CXX_LANGUAGE_STANDARD = "gnu++17";
				CLANG_CXX_LIBRARY = "libc++";
				CLANG_ENABLE_MODULES = YES;
				CLANG_ENABLE_OBJC_ARC = YES;
				CLANG_ENABLE_OBJC_WEAK = YES;
				CLANG_WARN_BLOCK_CAPTURE_AUTORELEASING = YES;
				CLANG_WARN_BOOL_CONVERSION = YES;
				CLANG_WARN_COMMA = YES;
				CLANG_WARN_CONSTANT_CONVERSION = YES;
				CLANG_WARN_DEPRECATED_OBJC_IMPLEMENTATIONS = YES;
				CLANG_WARN_DIRECT_OBJC_ISA_USAGE = YES_ERROR;
				CLANG_WARN_DOCUMENTATION_COMMENTS = YES;
				CLANG_WARN_EMPTY_BODY = YES;
				CLANG_WARN_ENUM_CONVERSION = YES;
				CLANG_WARN_INFINITE_RECURSION = YES;
				CLANG_WARN_INT_CONVERSION = YES;
				CLANG_WARN_NON_LITERAL_NULL_CONVERSION = YES;
				CLANG_WARN_OBJC_IMPLICIT_RETAIN_SELF = YES;
				CLANG_WARN_OBJC_LITERAL_CONVERSION = YES;
				CLANG_WARN_OBJC_ROOT_CLASS = YES_ERROR;
				CLANG_WARN_QUOTED_INCLUDE_IN_FRAMEWORK_HEADER = YES;
				CLANG_WARN_RANGE_LOOP_ANALYSIS = YES;
				CLANG_WARN_STRICT_PROTOTYPES = YES;
				CLANG_WARN_SUSPICIOUS_MOVE = YES;
				CLANG_WARN_UNGUARDED_AVAILABILITY = YES_AGGRESSIVE;
				CLANG_WARN_UNREACHABLE_CODE = YES;
				CLANG_WARN__DUPLICATE_METHOD_MATCH = YES;
				COPY_PHASE_STRIP = NO;
				DEBUG_INFORMATION_FORMAT = "dwarf-with-dsym";
				ENABLE_NS_ASSERTIONS = NO;
				ENABLE_STRICT_OBJC_MSGSEND = YES;
				GCC_C_LANGUAGE_STANDARD = gnu11;
				GCC_NO_COMMON_BLOCKS = YES;
				GCC_WARN_64_TO_32_BIT_CONVERSION = YES;
				GCC_WARN_ABOUT_RETURN_TYPE = YES_ERROR;
				GCC_WARN_UNDECLARED_SELECTOR = YES;
				GCC_WARN_UNINITIALIZED_AUTOS = YES_AGGRESSIVE;
				GCC_WARN_UNUSED_FUNCTION = YES;
				GCC_WARN_UNUSED_VARIABLE = YES;
				IPHONEOS_DEPLOYMENT_TARGET = 15.0;
				MTL_ENABLE_DEBUG_INFO = NO;
				MTL_FAST_MATH = YES;
				SDKROOT = iphoneos;
				SWIFT_COMPILATION_MODE = wholemodule;
				SWIFT_OPTIMIZATION_LEVEL = "-O";
				VALIDATE_PRODUCT = YES;
			};
			name = Release;
		};
		8423E798276FAB3D007277B9 /* Debug */ = {
			isa = XCBuildConfiguration;
			buildSettings = {
				ASSETCATALOG_COMPILER_APPICON_NAME = AppIcon;
				ASSETCATALOG_COMPILER_GLOBAL_ACCENT_COLOR_NAME = AccentColor;
				CODE_SIGN_STYLE = Automatic;
				CURRENT_PROJECT_VERSION = 1;
				GENERATE_INFOPLIST_FILE = YES;
				INFOPLIST_FILE = TimeVisualizer/Info.plist;
				INFOPLIST_KEY_UIApplicationSupportsIndirectInputEvents = YES;
				INFOPLIST_KEY_UILaunchStoryboardName = LaunchScreen;
				INFOPLIST_KEY_UIMainStoryboardFile = Main;
				INFOPLIST_KEY_UISupportedInterfaceOrientations_iPad = "UIInterfaceOrientationPortrait UIInterfaceOrientationPortraitUpsideDown UIInterfaceOrientationLandscapeLeft UIInterfaceOrientationLandscapeRight";
				INFOPLIST_KEY_UISupportedInterfaceOrientations_iPhone = "UIInterfaceOrientationPortrait UIInterfaceOrientationLandscapeLeft UIInterfaceOrientationLandscapeRight";
				LD_RUNPATH_SEARCH_PATHS = (
					"$(inherited)",
					"@executable_path/Frameworks",
				);
				MARKETING_VERSION = 1.0;
				PRODUCT_BUNDLE_IDENTIFIER = hsn.TimeVisualizer;
				PRODUCT_NAME = "$(TARGET_NAME)";
				SWIFT_EMIT_LOC_STRINGS = YES;
				SWIFT_VERSION = 5.0;
				TARGETED_DEVICE_FAMILY = "1,2";
			};
			name = Debug;
		};
		8423E799276FAB3D007277B9 /* Release */ = {
			isa = XCBuildConfiguration;
			buildSettings = {
				ASSETCATALOG_COMPILER_APPICON_NAME = AppIcon;
				ASSETCATALOG_COMPILER_GLOBAL_ACCENT_COLOR_NAME = AccentColor;
				CODE_SIGN_STYLE = Automatic;
				CURRENT_PROJECT_VERSION = 1;
				GENERATE_INFOPLIST_FILE = YES;
				INFOPLIST_FILE = TimeVisualizer/Info.plist;
				INFOPLIST_KEY_UIApplicationSupportsIndirectInputEvents = YES;
				INFOPLIST_KEY_UILaunchStoryboardName = LaunchScreen;
				INFOPLIST_KEY_UIMainStoryboardFile = Main;
				INFOPLIST_KEY_UISupportedInterfaceOrientations_iPad = "UIInterfaceOrientationPortrait UIInterfaceOrientationPortraitUpsideDown UIInterfaceOrientationLandscapeLeft UIInterfaceOrientationLandscapeRight";
				INFOPLIST_KEY_UISupportedInterfaceOrientations_iPhone = "UIInterfaceOrientationPortrait UIInterfaceOrientationLandscapeLeft UIInterfaceOrientationLandscapeRight";
				LD_RUNPATH_SEARCH_PATHS = (
					"$(inherited)",
					"@executable_path/Frameworks",
				);
				MARKETING_VERSION = 1.0;
				PRODUCT_BUNDLE_IDENTIFIER = hsn.TimeVisualizer;
				PRODUCT_NAME = "$(TARGET_NAME)";
				SWIFT_EMIT_LOC_STRINGS = YES;
				SWIFT_VERSION = 5.0;
				TARGETED_DEVICE_FAMILY = "1,2";
			};
			name = Release;
		};
		8423E79B276FAB3D007277B9 /* Debug */ = {
			isa = XCBuildConfiguration;
			buildSettings = {
				ALWAYS_EMBED_SWIFT_STANDARD_LIBRARIES = YES;
				BUNDLE_LOADER = "$(TEST_HOST)";
				CODE_SIGN_STYLE = Automatic;
				CURRENT_PROJECT_VERSION = 1;
				GENERATE_INFOPLIST_FILE = YES;
				IPHONEOS_DEPLOYMENT_TARGET = 15.0;
				LD_RUNPATH_SEARCH_PATHS = (
					"$(inherited)",
					"@executable_path/Frameworks",
					"@loader_path/Frameworks",
				);
				MARKETING_VERSION = 1.0;
				PRODUCT_BUNDLE_IDENTIFIER = hsn.TimeVisualizerTests;
				PRODUCT_NAME = "$(TARGET_NAME)";
				SWIFT_EMIT_LOC_STRINGS = NO;
				SWIFT_VERSION = 5.0;
				TARGETED_DEVICE_FAMILY = "1,2";
				TEST_HOST = "$(BUILT_PRODUCTS_DIR)/TimeVisualizer.app/TimeVisualizer";
			};
			name = Debug;
		};
		8423E79C276FAB3D007277B9 /* Release */ = {
			isa = XCBuildConfiguration;
			buildSettings = {
				ALWAYS_EMBED_SWIFT_STANDARD_LIBRARIES = YES;
				BUNDLE_LOADER = "$(TEST_HOST)";
				CODE_SIGN_STYLE = Automatic;
				CURRENT_PROJECT_VERSION = 1;
				GENERATE_INFOPLIST_FILE = YES;
				IPHONEOS_DEPLOYMENT_TARGET = 15.0;
				LD_RUNPATH_SEARCH_PATHS = (
					"$(inherited)",
					"@executable_path/Frameworks",
					"@loader_path/Frameworks",
				);
				MARKETING_VERSION = 1.0;
				PRODUCT_BUNDLE_IDENTIFIER = hsn.TimeVisualizerTests;
				PRODUCT_NAME = "$(TARGET_NAME)";
				SWIFT_EMIT_LOC_STRINGS = NO;
				SWIFT_VERSION = 5.0;
				TARGETED_DEVICE_FAMILY = "1,2";
				TEST_HOST = "$(BUILT_PRODUCTS_DIR)/TimeVisualizer.app/TimeVisualizer";
			};
			name = Release;
		};
		8423E79E276FAB3D007277B9 /* Debug */ = {
			isa = XCBuildConfiguration;
			buildSettings = {
				ALWAYS_EMBED_SWIFT_STANDARD_LIBRARIES = YES;
				CODE_SIGN_STYLE = Automatic;
				CURRENT_PROJECT_VERSION = 1;
				GENERATE_INFOPLIST_FILE = YES;
				LD_RUNPATH_SEARCH_PATHS = (
					"$(inherited)",
					"@executable_path/Frameworks",
					"@loader_path/Frameworks",
				);
				MARKETING_VERSION = 1.0;
				PRODUCT_BUNDLE_IDENTIFIER = hsn.TimeVisualizerUITests;
				PRODUCT_NAME = "$(TARGET_NAME)";
				SWIFT_EMIT_LOC_STRINGS = NO;
				SWIFT_VERSION = 5.0;
				TARGETED_DEVICE_FAMILY = "1,2";
				TEST_TARGET_NAME = TimeVisualizer;
			};
			name = Debug;
		};
		8423E79F276FAB3D007277B9 /* Release */ = {
			isa = XCBuildConfiguration;
			buildSettings = {
				ALWAYS_EMBED_SWIFT_STANDARD_LIBRARIES = YES;
				CODE_SIGN_STYLE = Automatic;
				CURRENT_PROJECT_VERSION = 1;
				GENERATE_INFOPLIST_FILE = YES;
				LD_RUNPATH_SEARCH_PATHS = (
					"$(inherited)",
					"@executable_path/Frameworks",
					"@loader_path/Frameworks",
				);
				MARKETING_VERSION = 1.0;
				PRODUCT_BUNDLE_IDENTIFIER = hsn.TimeVisualizerUITests;
				PRODUCT_NAME = "$(TARGET_NAME)";
				SWIFT_EMIT_LOC_STRINGS = NO;
				SWIFT_VERSION = 5.0;
				TARGETED_DEVICE_FAMILY = "1,2";
				TEST_TARGET_NAME = TimeVisualizer;
			};
			name = Release;
		};
/* End XCBuildConfiguration section */

/* Begin XCConfigurationList section */
		8423E765276FAB3C007277B9 /* Build configuration list for PBXProject "TimeVisualizer" */ = {
			isa = XCConfigurationList;
			buildConfigurations = (
				8423E795276FAB3D007277B9 /* Debug */,
				8423E796276FAB3D007277B9 /* Release */,
			);
			defaultConfigurationIsVisible = 0;
			defaultConfigurationName = Release;
		};
		8423E797276FAB3D007277B9 /* Build configuration list for PBXNativeTarget "TimeVisualizer" */ = {
			isa = XCConfigurationList;
			buildConfigurations = (
				8423E798276FAB3D007277B9 /* Debug */,
				8423E799276FAB3D007277B9 /* Release */,
			);
			defaultConfigurationIsVisible = 0;
			defaultConfigurationName = Release;
		};
		8423E79A276FAB3D007277B9 /* Build configuration list for PBXNativeTarget "TimeVisualizerTests" */ = {
			isa = XCConfigurationList;
			buildConfigurations = (
				8423E79B276FAB3D007277B9 /* Debug */,
				8423E79C276FAB3D007277B9 /* Release */,
			);
			defaultConfigurationIsVisible = 0;
			defaultConfigurationName = Release;
		};
		8423E79D276FAB3D007277B9 /* Build configuration list for PBXNativeTarget "TimeVisualizerUITests" */ = {
			isa = XCConfigurationList;
			buildConfigurations = (
				8423E79E276FAB3D007277B9 /* Debug */,
				8423E79F276FAB3D007277B9 /* Release */,
			);
			defaultConfigurationIsVisible = 0;
			defaultConfigurationName = Release;
		};
/* End XCConfigurationList section */

/* Begin XCRemoteSwiftPackageReference section */
		848112CA276FACDF0082D850 /* XCRemoteSwiftPackageReference "Charts" */ = {
			isa = XCRemoteSwiftPackageReference;
			repositoryURL = "https://github.com/danielgindi/Charts.git";
			requirement = {
				branch = master;
				kind = branch;
			};
		};
/* End XCRemoteSwiftPackageReference section */

/* Begin XCSwiftPackageProductDependency section */
		848112CB276FACDF0082D850 /* Charts */ = {
			isa = XCSwiftPackageProductDependency;
			package = 848112CA276FACDF0082D850 /* XCRemoteSwiftPackageReference "Charts" */;
			productName = Charts;
		};
/* End XCSwiftPackageProductDependency section */

/* Begin XCVersionGroup section */
		8423E776276FAB3C007277B9 /* TimeVisualizer.xcdatamodeld */ = {
			isa = XCVersionGroup;
			children = (
				8423E777276FAB3C007277B9 /* TimeVisualizer.xcdatamodel */,
			);
			currentVersion = 8423E777276FAB3C007277B9 /* TimeVisualizer.xcdatamodel */;
			path = TimeVisualizer.xcdatamodeld;
			sourceTree = "<group>";
			versionGroupType = wrapper.xcdatamodel;
		};
/* End XCVersionGroup section */
	};
	rootObject = 8423E762276FAB3C007277B9 /* Project object */;
}
